{
  "version": 4,
  "terraform_version": "1.4.6",
  "serial": 137,
  "lineage": "5ff72b0d-a78a-f4f7-e8ee-d9a615ef2cf6",
  "outputs": {},
  "resources": [
    {
      "mode": "managed",
      "type": "google_cloudfunctions2_function",
      "name": "create_project_watch_function",
      "provider": "provider[\"registry.terraform.io/hashicorp/google\"]",
      "instances": [
        {
          "schema_version": 0,
          "attributes": {
            "build_config": [
              {
                "build": "projects/448471614799/locations/us-central1/builds/a5e205ce-fd34-417d-bc14-d94cc845b5f6",
                "docker_repository": "",
                "entry_point": "main",
                "environment_variables": {},
                "runtime": "python311",
                "source": [
                  {
                    "repo_source": [],
                    "storage_source": [
                      {
                        "bucket": "sandbox-388418-lp-gcf",
                        "generation": 0,
                        "object": "billing_code.zip"
                      }
                    ]
                  }
                ],
                "worker_pool": ""
              }
            ],
            "description": "Function for applying billing when a new project is created",
            "environment": "GEN_2",
            "event_trigger": [
              {
                "event_filters": [],
                "event_type": "google.cloud.pubsub.topic.v1.messagePublished",
                "pubsub_topic": "projects/sandbox-388418/topics/lplabs_project_created",
                "retry_policy": "RETRY_POLICY_RETRY",
                "service_account_email": "448471614799-compute@developer.gserviceaccount.com",
                "trigger": "projects/sandbox-388418/locations/us-central1/triggers/lplabs-billing-applicator-850108",
                "trigger_region": "us-central1"
              }
            ],
            "id": "projects/sandbox-388418/locations/us-central1/functions/lplabs_billing_applicator",
            "labels": null,
            "location": "us-central1",
            "name": "lplabs_billing_applicator",
            "project": "sandbox-388418",
            "service_config": [
              {
                "all_traffic_on_latest_revision": true,
                "available_cpu": "1",
                "available_memory": "256Mi",
                "environment_variables": {
                  "LP_BILLING_ACCOUNT": "01B596-5F3817-72EFF7"
                },
                "gcf_uri": "",
                "ingress_settings": "ALLOW_INTERNAL_ONLY",
                "max_instance_count": 1,
                "max_instance_request_concurrency": 80,
                "min_instance_count": 0,
                "secret_environment_variables": [],
                "secret_volumes": [],
                "service": "projects/sandbox-388418/locations/us-central1/services/lplabs-billing-applicator",
                "service_account_email": "billing-sa@sandbox-388418.iam.gserviceaccount.com",
                "timeout_seconds": 60,
                "uri": "https://lplabs-billing-applicator-kq7ay7zdwq-uc.a.run.app",
                "vpc_connector": "",
                "vpc_connector_egress_settings": ""
              }
            ],
            "state": "ACTIVE",
            "timeouts": null,
            "update_time": "2023-06-23T20:42:24.836250152Z",
            "url": "https://us-central1-sandbox-388418.cloudfunctions.net/lplabs_billing_applicator"
          },
          "sensitive_attributes": [],
          "private": "eyJlMmJmYjczMC1lY2FhLTExZTYtOGY4OC0zNDM2M2JjN2M0YzAiOnsiY3JlYXRlIjozNjAwMDAwMDAwMDAwLCJkZWxldGUiOjM2MDAwMDAwMDAwMDAsInVwZGF0ZSI6MzYwMDAwMDAwMDAwMH19",
          "dependencies": [
            "google_pubsub_topic.topic",
            "google_service_account.sa",
            "google_storage_bucket.codeBucket",
            "google_storage_bucket_object.object",
            "zipper_file.cloudFunctionCode"
          ]
        }
      ]
    },
    {
      "mode": "managed",
      "type": "google_project_iam_member",
      "name": "cloudfunctions",
      "provider": "provider[\"registry.terraform.io/hashicorp/google\"]",
      "instances": [
        {
          "index_key": "roles/artifactregistry.reader",
          "schema_version": 0,
          "attributes": {
            "condition": [],
            "etag": "BwX+0gWDxbM=",
            "id": "sandbox-388418/roles/artifactregistry.reader/serviceAccount:billing-sa@sandbox-388418.iam.gserviceaccount.com",
            "member": "serviceAccount:billing-sa@sandbox-388418.iam.gserviceaccount.com",
            "project": "sandbox-388418",
            "role": "roles/artifactregistry.reader"
          },
          "sensitive_attributes": [],
          "private": "bnVsbA==",
          "dependencies": [
            "google_service_account.sa"
          ]
        },
        {
          "index_key": "roles/cloudfunctions.invoker",
          "schema_version": 0,
          "attributes": {
            "condition": [],
            "etag": "BwX+0gWDxbM=",
            "id": "sandbox-388418/roles/cloudfunctions.invoker/serviceAccount:billing-sa@sandbox-388418.iam.gserviceaccount.com",
            "member": "serviceAccount:billing-sa@sandbox-388418.iam.gserviceaccount.com",
            "project": "sandbox-388418",
            "role": "roles/cloudfunctions.invoker"
          },
          "sensitive_attributes": [],
          "private": "bnVsbA==",
          "dependencies": [
            "google_service_account.sa"
          ]
        },
        {
          "index_key": "roles/eventarc.eventReceiver",
          "schema_version": 0,
          "attributes": {
            "condition": [],
            "etag": "BwX+0gWDxbM=",
            "id": "sandbox-388418/roles/eventarc.eventReceiver/serviceAccount:billing-sa@sandbox-388418.iam.gserviceaccount.com",
            "member": "serviceAccount:billing-sa@sandbox-388418.iam.gserviceaccount.com",
            "project": "sandbox-388418",
            "role": "roles/eventarc.eventReceiver"
          },
          "sensitive_attributes": [],
          "private": "bnVsbA==",
          "dependencies": [
            "google_service_account.sa"
          ]
        },
        {
          "index_key": "roles/pubsub.publisher",
          "schema_version": 0,
          "attributes": {
            "condition": [],
            "etag": "BwX+0gWDxbM=",
            "id": "sandbox-388418/roles/pubsub.publisher/serviceAccount:billing-sa@sandbox-388418.iam.gserviceaccount.com",
            "member": "serviceAccount:billing-sa@sandbox-388418.iam.gserviceaccount.com",
            "project": "sandbox-388418",
            "role": "roles/pubsub.publisher"
          },
          "sensitive_attributes": [],
          "private": "bnVsbA==",
          "dependencies": [
            "google_service_account.sa"
          ]
        },
        {
          "index_key": "roles/run.invoker",
          "schema_version": 0,
          "attributes": {
            "condition": [],
            "etag": "BwX+0gWDxbM=",
            "id": "sandbox-388418/roles/run.invoker/serviceAccount:billing-sa@sandbox-388418.iam.gserviceaccount.com",
            "member": "serviceAccount:billing-sa@sandbox-388418.iam.gserviceaccount.com",
            "project": "sandbox-388418",
            "role": "roles/run.invoker"
          },
          "sensitive_attributes": [],
          "private": "bnVsbA==",
          "dependencies": [
            "google_service_account.sa"
          ]
        }
      ]
    },
    {
      "mode": "managed",
      "type": "google_pubsub_topic",
      "name": "topic",
      "provider": "provider[\"registry.terraform.io/hashicorp/google\"]",
      "instances": [
        {
          "schema_version": 0,
          "attributes": {
            "id": "projects/sandbox-388418/topics/lplabs_project_created",
            "kms_key_name": "",
            "labels": null,
            "message_retention_duration": "86600s",
            "message_storage_policy": [],
            "name": "lplabs_project_created",
            "project": "sandbox-388418",
            "schema_settings": [],
            "timeouts": null
          },
          "sensitive_attributes": [],
          "private": "eyJlMmJmYjczMC1lY2FhLTExZTYtOGY4OC0zNDM2M2JjN2M0YzAiOnsiY3JlYXRlIjoxMjAwMDAwMDAwMDAwLCJkZWxldGUiOjEyMDAwMDAwMDAwMDAsInVwZGF0ZSI6MTIwMDAwMDAwMDAwMH19"
        }
      ]
    },
    {
      "mode": "managed",
      "type": "google_service_account",
      "name": "sa",
      "provider": "provider[\"registry.terraform.io/hashicorp/google\"]",
      "instances": [
        {
          "schema_version": 0,
          "attributes": {
            "account_id": "billing-sa",
            "description": "",
            "disabled": false,
            "display_name": "Service Account with access to add billing information",
            "email": "billing-sa@sandbox-388418.iam.gserviceaccount.com",
            "id": "projects/sandbox-388418/serviceAccounts/billing-sa@sandbox-388418.iam.gserviceaccount.com",
            "member": "serviceAccount:billing-sa@sandbox-388418.iam.gserviceaccount.com",
            "name": "projects/sandbox-388418/serviceAccounts/billing-sa@sandbox-388418.iam.gserviceaccount.com",
            "project": "sandbox-388418",
            "timeouts": null,
            "unique_id": "105144780411784887203"
          },
          "sensitive_attributes": [],
          "private": "eyJlMmJmYjczMC1lY2FhLTExZTYtOGY4OC0zNDM2M2JjN2M0YzAiOnsiY3JlYXRlIjozMDAwMDAwMDAwMDB9fQ=="
        }
      ]
    },
    {
      "mode": "managed",
      "type": "google_storage_bucket",
      "name": "codeBucket",
      "provider": "provider[\"registry.terraform.io/hashicorp/google\"]",
      "instances": [
        {
          "schema_version": 0,
          "attributes": {
            "autoclass": [],
            "cors": [],
            "custom_placement_config": [],
            "default_event_based_hold": false,
            "encryption": [],
            "force_destroy": false,
            "id": "sandbox-388418-lp-gcf",
            "labels": {},
            "lifecycle_rule": [],
            "location": "US",
            "logging": [],
            "name": "sandbox-388418-lp-gcf",
            "project": "sandbox-388418",
            "public_access_prevention": "inherited",
            "requester_pays": false,
            "retention_policy": [],
            "self_link": "https://www.googleapis.com/storage/v1/b/sandbox-388418-lp-gcf",
            "storage_class": "STANDARD",
            "timeouts": null,
            "uniform_bucket_level_access": true,
            "url": "gs://sandbox-388418-lp-gcf",
            "versioning": [],
            "website": []
          },
          "sensitive_attributes": [],
          "private": "eyJlMmJmYjczMC1lY2FhLTExZTYtOGY4OC0zNDM2M2JjN2M0YzAiOnsiY3JlYXRlIjo2MDAwMDAwMDAwMDAsInJlYWQiOjI0MDAwMDAwMDAwMCwidXBkYXRlIjoyNDAwMDAwMDAwMDB9fQ=="
        }
      ]
    },
    {
      "mode": "managed",
      "type": "google_storage_bucket",
      "name": "log-bucket",
      "provider": "provider[\"registry.terraform.io/hashicorp/google\"]",
      "instances": [
        {
          "schema_version": 0,
          "attributes": {
            "autoclass": [],
            "cors": [],
            "custom_placement_config": [],
            "default_event_based_hold": false,
            "encryption": [],
            "force_destroy": false,
            "id": "create_projects_lpio_log_bucket",
            "labels": {},
            "lifecycle_rule": [],
            "location": "US",
            "logging": [],
            "name": "create_projects_lpio_log_bucket",
            "project": "sandbox-388418",
            "public_access_prevention": "inherited",
            "requester_pays": false,
            "retention_policy": [],
            "self_link": "https://www.googleapis.com/storage/v1/b/create_projects_lpio_log_bucket",
            "storage_class": "STANDARD",
            "timeouts": null,
            "uniform_bucket_level_access": false,
            "url": "gs://create_projects_lpio_log_bucket",
            "versioning": [],
            "website": []
          },
          "sensitive_attributes": [],
          "private": "eyJlMmJmYjczMC1lY2FhLTExZTYtOGY4OC0zNDM2M2JjN2M0YzAiOnsiY3JlYXRlIjo2MDAwMDAwMDAwMDAsInJlYWQiOjI0MDAwMDAwMDAwMCwidXBkYXRlIjoyNDAwMDAwMDAwMDB9fQ=="
        }
      ]
    },
    {
      "mode": "managed",
      "type": "google_storage_bucket_object",
      "name": "object",
      "provider": "provider[\"registry.terraform.io/hashicorp/google\"]",
      "instances": [
        {
          "schema_version": 0,
          "attributes": {
            "bucket": "sandbox-388418-lp-gcf",
            "cache_control": "",
            "content": null,
            "content_disposition": "",
            "content_encoding": "",
            "content_language": "",
            "content_type": "application/zip",
            "crc32c": "k3vMjQ==",
            "customer_encryption": [],
            "detect_md5hash": "XZkdvb0QTh27EMB7OKKZTg==",
            "event_based_hold": false,
            "id": "sandbox-388418-lp-gcf-billing_code.zip",
            "kms_key_name": "",
            "md5hash": "XZkdvb0QTh27EMB7OKKZTg==",
            "media_link": "https://storage.googleapis.com/download/storage/v1/b/sandbox-388418-lp-gcf/o/billing_code.zip?generation=1687552869033228\u0026alt=media",
            "metadata": null,
            "name": "billing_code.zip",
            "output_name": "billing_code.zip",
            "self_link": "https://www.googleapis.com/storage/v1/b/sandbox-388418-lp-gcf/o/billing_code.zip",
            "source": "./files/billing_code.zip",
            "storage_class": "STANDARD",
            "temporary_hold": false,
            "timeouts": null
          },
          "sensitive_attributes": [],
          "private": "eyJlMmJmYjczMC1lY2FhLTExZTYtOGY4OC0zNDM2M2JjN2M0YzAiOnsiY3JlYXRlIjoyNDAwMDAwMDAwMDAsImRlbGV0ZSI6MjQwMDAwMDAwMDAwLCJ1cGRhdGUiOjI0MDAwMDAwMDAwMH19",
          "dependencies": [
            "google_storage_bucket.codeBucket",
            "zipper_file.cloudFunctionCode"
          ]
        }
      ]
    },
    {
      "mode": "managed",
      "type": "zipper_file",
      "name": "cloudFunctionCode",
      "provider": "provider[\"registry.terraform.io/arthurhlt/zipper\"]",
      "instances": [
        {
          "schema_version": 0,
          "attributes": {
            "id": "a003cd56554ccd5a5ecde638e379c498ff1b5f58",
            "not_when_nonexists": null,
            "output_path": "./files/billing_code.zip",
            "output_sha": "a003cd56554ccd5a5ecde638e379c498ff1b5f58",
            "output_size": 967,
            "source": "./code",
            "type": null
          },
          "sensitive_attributes": [],
          "private": "bnVsbA=="
        }
      ]
    }
  ],
  "check_results": null
}
